
Microsoft Visual Studio Solution File, Format Version 12.00
Project("{FAE04EC0-301F-11D3-BF4B-00C04F79EFBC}") = "HousingAssociation", "HousingAssociation\HousingAssociation.csproj", "{673779B5-AB00-4290-BF97-7B950B8A7B9D}"
EndProject
Project("{FAE04EC0-301F-11D3-BF4B-00C04F79EFBC}") = "HousingAssociationTests", "HousingAssociationTests\HousingAssociationTests.csproj", "{2B3A5EBF-E6A8-4C5B-A834-98C83C410133}"
EndProject
Global
	GlobalSection(SolutionConfigurationPlatforms) = preSolution
		Debug|Any CPU = Debug|Any CPU
		Release|Any CPU = Release|Any CPU
	EndGlobalSection
	GlobalSection(ProjectConfigurationPlatforms) = postSolution
		{673779B5-AB00-4290-BF97-7B950B8A7B9D}.Debug|Any CPU.ActiveCfg = Debug|Any CPU
		{673779B5-AB00-4290-BF97-7B950B8A7B9D}.Debug|Any CPU.Build.0 = Debug|Any CPU
		{673779B5-AB00-4290-BF97-7B950B8A7B9D}.Release|Any CPU.ActiveCfg = Release|Any CPU
		{673779B5-AB00-4290-BF97-7B950B8A7B9D}.Release|Any CPU.Build.0 = Release|Any CPU
		{2B3A5EBF-E6A8-4C5B-A834-98C83C410133}.Debug|Any CPU.ActiveCfg = Debug|Any CPU
		{2B3A5EBF-E6A8-4C5B-A834-98C83C410133}.Debug|Any CPU.Build.0 = Debug|Any CPU
		{2B3A5EBF-E6A8-4C5B-A834-98C83C410133}.Release|Any CPU.ActiveCfg = Release|Any CPU
		{2B3A5EBF-E6A8-4C5B-A834-98C83C410133}.Release|Any CPU.Build.0 = Release|Any CPU
	EndGlobalSection
EndGlobal
